lockfileVersion: '9.0'

settings:
  autoInstallPeers: true
  excludeLinksFromLockfile: false

importers:

  .:
    devDependencies:
      '@types/mailparser':
        specifier: ^3.4.5
        version: 3.4.5

packages:

  '@types/mailparser@3.4.5':
    resolution: {integrity: sha512-EPERBp7fLeFZh7tS2X36MF7jawUx3Y6/0rXciZah3CTYgwLi3e0kpGUJ6FOmUabgzis/U1g+3/JzrVWbWIOGjg==}

  '@types/node@22.13.9':
    resolution: {integrity: sha512-acBjXdRJ3A6Pb3tqnw9HZmyR3Fiol3aGxRCK1x3d+6CDAMjl7I649wpSd+yNURCjbOUGu9tqtLKnTGxmK6CyGw==}

  iconv-lite@0.6.3:
    resolution: {integrity: sha512-4fCk79wshMdzMp2rH06qWrJE4iolqLhCUH+OiuIgU++RB0+94NlDL81atO7GX55uUKueo0txHNtvEyI6D7WdMw==}
    engines: {node: '>=0.10.0'}

  safer-buffer@2.1.2:
    resolution: {integrity: sha512-YZo3K82SD7Riyi0E1EQPojLz7kpepnSQI9IyPbHHg1XXXevb5dJI7tpyN2ADxGcQbHG7vcyRHk0cbwqcQriUtg==}

  undici-types@6.20.0:
    resolution: {integrity: sha512-Ny6QZ2Nju20vw1SRHe3d9jVu6gJ+4e3+MMpqu7pqE5HT6WsTSlce++GQmK5UXS8mzV8DSYHrQH+Xrf2jVcuKNg==}

snapshots:

  '@types/mailparser@3.4.5':
    dependencies:
      '@types/node': 22.13.9
      iconv-lite: 0.6.3

  '@types/node@22.13.9':
    dependencies:
      undici-types: 6.20.0

  iconv-lite@0.6.3:
    dependencies:
      safer-buffer: 2.1.2

  safer-buffer@2.1.2: {}

  undici-types@6.20.0: {}
